// !$*UTF8*$!
{
	archiveVersion = 1;
	classes = {
	};
	objectVersion = 56;
	objects = {

/* Begin PBXBuildFile section */
		09030DBB2A3BC28500A1D942 /* Constants.swift in Sources */ = {isa = PBXBuildFile; fileRef = 09030DBA2A3BC28500A1D942 /* Constants.swift */; };
		09030DC02A3BC57600A1D942 /* UIColor+Utility.swift in Sources */ = {isa = PBXBuildFile; fileRef = 09030DBF2A3BC57600A1D942 /* UIColor+Utility.swift */; };
		09030DCB2A4053F600A1D942 /* Nunito-Bold.ttf in Resources */ = {isa = PBXBuildFile; fileRef = 09030DC12A4053F400A1D942 /* Nunito-Bold.ttf */; };
		09030DCC2A4053F600A1D942 /* Nunito-Light.ttf in Resources */ = {isa = PBXBuildFile; fileRef = 09030DC22A4053F400A1D942 /* Nunito-Light.ttf */; };
		09030DCD2A4053F600A1D942 /* Nunito-SemiBoldItalic.ttf in Resources */ = {isa = PBXBuildFile; fileRef = 09030DC32A4053F500A1D942 /* Nunito-SemiBoldItalic.ttf */; };
		09030DCE2A4053F600A1D942 /* Nunito-LightItalic.ttf in Resources */ = {isa = PBXBuildFile; fileRef = 09030DC42A4053F500A1D942 /* Nunito-LightItalic.ttf */; };
		09030DCF2A4053F600A1D942 /* Nunito-Medium.ttf in Resources */ = {isa = PBXBuildFile; fileRef = 09030DC52A4053F500A1D942 /* Nunito-Medium.ttf */; };
		09030DD02A4053F600A1D942 /* Nunito-BoldItalic.ttf in Resources */ = {isa = PBXBuildFile; fileRef = 09030DC62A4053F500A1D942 /* Nunito-BoldItalic.ttf */; };
		09030DD12A4053F600A1D942 /* Nunito-Italic.ttf in Resources */ = {isa = PBXBuildFile; fileRef = 09030DC72A4053F500A1D942 /* Nunito-Italic.ttf */; };
		09030DD22A4053F600A1D942 /* Nunito-SemiBold.ttf in Resources */ = {isa = PBXBuildFile; fileRef = 09030DC82A4053F500A1D942 /* Nunito-SemiBold.ttf */; };
		09030DD32A4053F600A1D942 /* Nunito-MediumItalic.ttf in Resources */ = {isa = PBXBuildFile; fileRef = 09030DC92A4053F600A1D942 /* Nunito-MediumItalic.ttf */; };
		09030DD42A4053F600A1D942 /* Nunito-Regular.ttf in Resources */ = {isa = PBXBuildFile; fileRef = 09030DCA2A4053F600A1D942 /* Nunito-Regular.ttf */; };
		09030DD62A4055C400A1D942 /* UIFont+Utility.swift in Sources */ = {isa = PBXBuildFile; fileRef = 09030DD52A4055C400A1D942 /* UIFont+Utility.swift */; };
		09030DD82A405EE700A1D942 /* UIDevice+Utility.swift in Sources */ = {isa = PBXBuildFile; fileRef = 09030DD72A405EE700A1D942 /* UIDevice+Utility.swift */; };
		094CAD732A3B9D3D00E9F9F8 /* AppDelegate.swift in Sources */ = {isa = PBXBuildFile; fileRef = 094CAD722A3B9D3D00E9F9F8 /* AppDelegate.swift */; };
		094CAD752A3B9D3D00E9F9F8 /* SceneDelegate.swift in Sources */ = {isa = PBXBuildFile; fileRef = 094CAD742A3B9D3D00E9F9F8 /* SceneDelegate.swift */; };
		094CAD772A3B9D3D00E9F9F8 /* LoginViewController.swift in Sources */ = {isa = PBXBuildFile; fileRef = 094CAD762A3B9D3D00E9F9F8 /* LoginViewController.swift */; };
		094CAD7A2A3B9D3D00E9F9F8 /* Main.storyboard in Resources */ = {isa = PBXBuildFile; fileRef = 094CAD782A3B9D3D00E9F9F8 /* Main.storyboard */; };
		094CAD7C2A3B9D3E00E9F9F8 /* Assets.xcassets in Resources */ = {isa = PBXBuildFile; fileRef = 094CAD7B2A3B9D3E00E9F9F8 /* Assets.xcassets */; };
		094CAD7F2A3B9D3E00E9F9F8 /* LaunchScreen.storyboard in Resources */ = {isa = PBXBuildFile; fileRef = 094CAD7D2A3B9D3E00E9F9F8 /* LaunchScreen.storyboard */; };
		099837FF2A3BB504006D1FEE /* GoogleService-Info.plist in Resources */ = {isa = PBXBuildFile; fileRef = 099837FE2A3BB504006D1FEE /* GoogleService-Info.plist */; };
		E573190461009A73C6726B2C /* Pods_Messager.framework in Frameworks */ = {isa = PBXBuildFile; fileRef = D71613CAE8327560CE64EB20 /* Pods_Messager.framework */; };
/* End PBXBuildFile section */

/* Begin PBXFileReference section */
		09030DBA2A3BC28500A1D942 /* Constants.swift */ = {isa = PBXFileReference; lastKnownFileType = sourcecode.swift; path = Constants.swift; sourceTree = "<group>"; };
		09030DBF2A3BC57600A1D942 /* UIColor+Utility.swift */ = {isa = PBXFileReference; lastKnownFileType = sourcecode.swift; path = "UIColor+Utility.swift"; sourceTree = "<group>"; };
		09030DC12A4053F400A1D942 /* Nunito-Bold.ttf */ = {isa = PBXFileReference; lastKnownFileType = file; path = "Nunito-Bold.ttf"; sourceTree = "<group>"; };
		09030DC22A4053F400A1D942 /* Nunito-Light.ttf */ = {isa = PBXFileReference; lastKnownFileType = file; path = "Nunito-Light.ttf"; sourceTree = "<group>"; };
		09030DC32A4053F500A1D942 /* Nunito-SemiBoldItalic.ttf */ = {isa = PBXFileReference; lastKnownFileType = file; path = "Nunito-SemiBoldItalic.ttf"; sourceTree = "<group>"; };
		09030DC42A4053F500A1D942 /* Nunito-LightItalic.ttf */ = {isa = PBXFileReference; lastKnownFileType = file; path = "Nunito-LightItalic.ttf"; sourceTree = "<group>"; };
		09030DC52A4053F500A1D942 /* Nunito-Medium.ttf */ = {isa = PBXFileReference; lastKnownFileType = file; path = "Nunito-Medium.ttf"; sourceTree = "<group>"; };
		09030DC62A4053F500A1D942 /* Nunito-BoldItalic.ttf */ = {isa = PBXFileReference; lastKnownFileType = file; path = "Nunito-BoldItalic.ttf"; sourceTree = "<group>"; };
		09030DC72A4053F500A1D942 /* Nunito-Italic.ttf */ = {isa = PBXFileReference; lastKnownFileType = file; path = "Nunito-Italic.ttf"; sourceTree = "<group>"; };
		09030DC82A4053F500A1D942 /* Nunito-SemiBold.ttf */ = {isa = PBXFileReference; lastKnownFileType = file; path = "Nunito-SemiBold.ttf"; sourceTree = "<group>"; };
		09030DC92A4053F600A1D942 /* Nunito-MediumItalic.ttf */ = {isa = PBXFileReference; lastKnownFileType = file; path = "Nunito-MediumItalic.ttf"; sourceTree = "<group>"; };
		09030DCA2A4053F600A1D942 /* Nunito-Regular.ttf */ = {isa = PBXFileReference; lastKnownFileType = file; path = "Nunito-Regular.ttf"; sourceTree = "<group>"; };
		09030DD52A4055C400A1D942 /* UIFont+Utility.swift */ = {isa = PBXFileReference; lastKnownFileType = sourcecode.swift; path = "UIFont+Utility.swift"; sourceTree = "<group>"; };
		09030DD72A405EE700A1D942 /* UIDevice+Utility.swift */ = {isa = PBXFileReference; lastKnownFileType = sourcecode.swift; path = "UIDevice+Utility.swift"; sourceTree = "<group>"; };
		094CAD6F2A3B9D3D00E9F9F8 /* Messager.app */ = {isa = PBXFileReference; explicitFileType = wrapper.application; includeInIndex = 0; path = Messager.app; sourceTree = BUILT_PRODUCTS_DIR; };
		094CAD722A3B9D3D00E9F9F8 /* AppDelegate.swift */ = {isa = PBXFileReference; lastKnownFileType = sourcecode.swift; path = AppDelegate.swift; sourceTree = "<group>"; };
		094CAD742A3B9D3D00E9F9F8 /* SceneDelegate.swift */ = {isa = PBXFileReference; lastKnownFileType = sourcecode.swift; path = SceneDelegate.swift; sourceTree = "<group>"; };
		094CAD762A3B9D3D00E9F9F8 /* LoginViewController.swift */ = {isa = PBXFileReference; lastKnownFileType = sourcecode.swift; path = LoginViewController.swift; sourceTree = "<group>"; };
		094CAD792A3B9D3D00E9F9F8 /* Base */ = {isa = PBXFileReference; lastKnownFileType = file.storyboard; name = Base; path = Base.lproj/Main.storyboard; sourceTree = "<group>"; };
		094CAD7B2A3B9D3E00E9F9F8 /* Assets.xcassets */ = {isa = PBXFileReference; lastKnownFileType = folder.assetcatalog; path = Assets.xcassets; sourceTree = "<group>"; };
		094CAD7E2A3B9D3E00E9F9F8 /* Base */ = {isa = PBXFileReference; lastKnownFileType = file.storyboard; name = Base; path = Base.lproj/LaunchScreen.storyboard; sourceTree = "<group>"; };
		094CAD802A3B9D3E00E9F9F8 /* Info.plist */ = {isa = PBXFileReference; lastKnownFileType = text.plist.xml; path = Info.plist; sourceTree = "<group>"; };
		099837FE2A3BB504006D1FEE /* GoogleService-Info.plist */ = {isa = PBXFileReference; fileEncoding = 4; lastKnownFileType = text.plist.xml; path = "GoogleService-Info.plist"; sourceTree = "<group>"; };
		75DBA30F768B57C341276C74 /* Pods-Messager.debug.xcconfig */ = {isa = PBXFileReference; includeInIndex = 1; lastKnownFileType = text.xcconfig; name = "Pods-Messager.debug.xcconfig"; path = "Target Support Files/Pods-Messager/Pods-Messager.debug.xcconfig"; sourceTree = "<group>"; };
		C32B03C584A0FDDE0CB9B786 /* Pods-Messager.release.xcconfig */ = {isa = PBXFileReference; includeInIndex = 1; lastKnownFileType = text.xcconfig; name = "Pods-Messager.release.xcconfig"; path = "Target Support Files/Pods-Messager/Pods-Messager.release.xcconfig"; sourceTree = "<group>"; };
		D71613CAE8327560CE64EB20 /* Pods_Messager.framework */ = {isa = PBXFileReference; explicitFileType = wrapper.framework; includeInIndex = 0; path = Pods_Messager.framework; sourceTree = BUILT_PRODUCTS_DIR; };
/* End PBXFileReference section */

/* Begin PBXFrameworksBuildPhase section */
		094CAD6C2A3B9D3D00E9F9F8 /* Frameworks */ = {
			isa = PBXFrameworksBuildPhase;
			buildActionMask = 2147483647;
			files = (
				E573190461009A73C6726B2C /* Pods_Messager.framework in Frameworks */,
			);
			runOnlyForDeploymentPostprocessing = 0;
		};
/* End PBXFrameworksBuildPhase section */

/* Begin PBXGroup section */
		09030DB12A3BBB1F00A1D942 /* Common */ = {
			isa = PBXGroup;
			children = (
				09030DBA2A3BC28500A1D942 /* Constants.swift */,
				09030DBD2A3BC54000A1D942 /* Utility */,
				09030DBE2A3BC54B00A1D942 /* View */,
			);
			path = Common;
			sourceTree = "<group>";
		};
		09030DB22A3BBB3400A1D942 /* Entity */ = {
			isa = PBXGroup;
			children = (
			);
			path = Entity;
			sourceTree = "<group>";
		};
		09030DB32A3BBB4E00A1D942 /* Fonts */ = {
			isa = PBXGroup;
			children = (
				09030DC12A4053F400A1D942 /* Nunito-Bold.ttf */,
				09030DC62A4053F500A1D942 /* Nunito-BoldItalic.ttf */,
				09030DC72A4053F500A1D942 /* Nunito-Italic.ttf */,
				09030DC22A4053F400A1D942 /* Nunito-Light.ttf */,
				09030DC42A4053F500A1D942 /* Nunito-LightItalic.ttf */,
				09030DC52A4053F500A1D942 /* Nunito-Medium.ttf */,
				09030DC92A4053F600A1D942 /* Nunito-MediumItalic.ttf */,
				09030DCA2A4053F600A1D942 /* Nunito-Regular.ttf */,
				09030DC82A4053F500A1D942 /* Nunito-SemiBold.ttf */,
				09030DC32A4053F500A1D942 /* Nunito-SemiBoldItalic.ttf */,
			);
			path = Fonts;
			sourceTree = "<group>";
		};
		09030DB42A3BBB5900A1D942 /* Presenter */ = {
			isa = PBXGroup;
			children = (
			);
			path = Presenter;
			sourceTree = "<group>";
		};
		09030DB52A3BBB6600A1D942 /* Resource */ = {
			isa = PBXGroup;
			children = (
			);
			path = Resource;
			sourceTree = "<group>";
		};
		09030DB62A3BBB6F00A1D942 /* Router */ = {
			isa = PBXGroup;
			children = (
			);
			path = Router;
			sourceTree = "<group>";
		};
		09030DB72A3BBB7700A1D942 /* Service */ = {
			isa = PBXGroup;
			children = (
			);
			path = Service;
			sourceTree = "<group>";
		};
		09030DB82A3BBB8400A1D942 /* Storyboard */ = {
			isa = PBXGroup;
			children = (
				094CAD7D2A3B9D3E00E9F9F8 /* LaunchScreen.storyboard */,
				094CAD782A3B9D3D00E9F9F8 /* Main.storyboard */,
			);
			path = Storyboard;
			sourceTree = "<group>";
		};
		09030DB92A3BBB8D00A1D942 /* View */ = {
			isa = PBXGroup;
			children = (
				094CAD762A3B9D3D00E9F9F8 /* LoginViewController.swift */,
			);
			path = View;
			sourceTree = "<group>";
		};
		09030DBD2A3BC54000A1D942 /* Utility */ = {
			isa = PBXGroup;
			children = (
				09030DBF2A3BC57600A1D942 /* UIColor+Utility.swift */,
				09030DD52A4055C400A1D942 /* UIFont+Utility.swift */,
				09030DD72A405EE700A1D942 /* UIDevice+Utility.swift */,
			);
			path = Utility;
			sourceTree = "<group>";
		};
		09030DBE2A3BC54B00A1D942 /* View */ = {
			isa = PBXGroup;
			children = (
			);
			path = View;
			sourceTree = "<group>";
		};
		094CAD662A3B9D3D00E9F9F8 = {
			isa = PBXGroup;
			children = (
				094CAD712A3B9D3D00E9F9F8 /* Messager */,
				094CAD702A3B9D3D00E9F9F8 /* Products */,
				9B7B73083DFDA58C77093189 /* Pods */,
				FB76E5DA97779B5E466737C1 /* Frameworks */,
			);
			sourceTree = "<group>";
		};
		094CAD702A3B9D3D00E9F9F8 /* Products */ = {
			isa = PBXGroup;
			children = (
				094CAD6F2A3B9D3D00E9F9F8 /* Messager.app */,
			);
			name = Products;
			sourceTree = "<group>";
		};
		094CAD712A3B9D3D00E9F9F8 /* Messager */ = {
			isa = PBXGroup;
			children = (
				094CAD722A3B9D3D00E9F9F8 /* AppDelegate.swift */,
				094CAD742A3B9D3D00E9F9F8 /* SceneDelegate.swift */,
				094CAD7B2A3B9D3E00E9F9F8 /* Assets.xcassets */,
				099837FE2A3BB504006D1FEE /* GoogleService-Info.plist */,
				094CAD802A3B9D3E00E9F9F8 /* Info.plist */,
				09030DB12A3BBB1F00A1D942 /* Common */,
				09030DB22A3BBB3400A1D942 /* Entity */,
				09030DB32A3BBB4E00A1D942 /* Fonts */,
				09030DB42A3BBB5900A1D942 /* Presenter */,
				09030DB52A3BBB6600A1D942 /* Resource */,
				09030DB62A3BBB6F00A1D942 /* Router */,
				09030DB72A3BBB7700A1D942 /* Service */,
				09030DB82A3BBB8400A1D942 /* Storyboard */,
				09030DB92A3BBB8D00A1D942 /* View */,
			);
			path = Messager;
			sourceTree = "<group>";
		};
		9B7B73083DFDA58C77093189 /* Pods */ = {
			isa = PBXGroup;
			children = (
				75DBA30F768B57C341276C74 /* Pods-Messager.debug.xcconfig */,
				C32B03C584A0FDDE0CB9B786 /* Pods-Messager.release.xcconfig */,
			);
			path = Pods;
			sourceTree = "<group>";
		};
		FB76E5DA97779B5E466737C1 /* Frameworks */ = {
			isa = PBXGroup;
			children = (
				D71613CAE8327560CE64EB20 /* Pods_Messager.framework */,
			);
			name = Frameworks;
			sourceTree = "<group>";
		};
/* End PBXGroup section */

/* Begin PBXNativeTarget section */
		094CAD6E2A3B9D3D00E9F9F8 /* Messager */ = {
			isa = PBXNativeTarget;
			buildConfigurationList = 094CAD832A3B9D3E00E9F9F8 /* Build configuration list for PBXNativeTarget "Messager" */;
			buildPhases = (
				57D01619BD7950DB7CCA43D0 /* [CP] Check Pods Manifest.lock */,
				094CAD6B2A3B9D3D00E9F9F8 /* Sources */,
				094CAD6C2A3B9D3D00E9F9F8 /* Frameworks */,
				094CAD6D2A3B9D3D00E9F9F8 /* Resources */,
				5CD6B3A26F22D33A54571696 /* [CP] Embed Pods Frameworks */,
				09030DBC2A3BC3CA00A1D942 /* SwiftLint */,
			);
			buildRules = (
			);
			dependencies = (
			);
			name = Messager;
			productName = Messager;
			productReference = 094CAD6F2A3B9D3D00E9F9F8 /* Messager.app */;
			productType = "com.apple.product-type.application";
		};
/* End PBXNativeTarget section */

/* Begin PBXProject section */
		094CAD672A3B9D3D00E9F9F8 /* Project object */ = {
			isa = PBXProject;
			attributes = {
				BuildIndependentTargetsInParallel = 1;
				LastSwiftUpdateCheck = 1430;
				LastUpgradeCheck = 1430;
				TargetAttributes = {
					094CAD6E2A3B9D3D00E9F9F8 = {
						CreatedOnToolsVersion = 14.3.1;
					};
				};
			};
			buildConfigurationList = 094CAD6A2A3B9D3D00E9F9F8 /* Build configuration list for PBXProject "Messager" */;
			compatibilityVersion = "Xcode 14.0";
			developmentRegion = en;
			hasScannedForEncodings = 0;
			knownRegions = (
				en,
				Base,
			);
			mainGroup = 094CAD662A3B9D3D00E9F9F8;
			productRefGroup = 094CAD702A3B9D3D00E9F9F8 /* Products */;
			projectDirPath = "";
			projectRoot = "";
			targets = (
				094CAD6E2A3B9D3D00E9F9F8 /* Messager */,
			);
		};
/* End PBXProject section */

/* Begin PBXResourcesBuildPhase section */
		094CAD6D2A3B9D3D00E9F9F8 /* Resources */ = {
			isa = PBXResourcesBuildPhase;
			buildActionMask = 2147483647;
			files = (
				09030DD22A4053F600A1D942 /* Nunito-SemiBold.ttf in Resources */,
				094CAD7F2A3B9D3E00E9F9F8 /* LaunchScreen.storyboard in Resources */,
				09030DCD2A4053F600A1D942 /* Nunito-SemiBoldItalic.ttf in Resources */,
				09030DD12A4053F600A1D942 /* Nunito-Italic.ttf in Resources */,
				09030DD42A4053F600A1D942 /* Nunito-Regular.ttf in Resources */,
				09030DCE2A4053F600A1D942 /* Nunito-LightItalic.ttf in Resources */,
				09030DD32A4053F600A1D942 /* Nunito-MediumItalic.ttf in Resources */,
				09030DCB2A4053F600A1D942 /* Nunito-Bold.ttf in Resources */,
				09030DCC2A4053F600A1D942 /* Nunito-Light.ttf in Resources */,
				099837FF2A3BB504006D1FEE /* GoogleService-Info.plist in Resources */,
				09030DD02A4053F600A1D942 /* Nunito-BoldItalic.ttf in Resources */,
				094CAD7C2A3B9D3E00E9F9F8 /* Assets.xcassets in Resources */,
				094CAD7A2A3B9D3D00E9F9F8 /* Main.storyboard in Resources */,
				09030DCF2A4053F600A1D942 /* Nunito-Medium.ttf in Resources */,
			);
			runOnlyForDeploymentPostprocessing = 0;
		};
/* End PBXResourcesBuildPhase section */

/* Begin PBXShellScriptBuildPhase section */
		09030DBC2A3BC3CA00A1D942 /* SwiftLint */ = {
			isa = PBXShellScriptBuildPhase;
			alwaysOutOfDate = 1;
			buildActionMask = 2147483647;
			files = (
			);
			inputFileListPaths = (
			);
			inputPaths = (
			);
			name = SwiftLint;
			outputFileListPaths = (
			);
			outputPaths = (
			);
			runOnlyForDeploymentPostprocessing = 0;
			shellPath = /bin/sh;
			shellScript = "if which swiftlint >/dev/null; then\n  git diff --name-only | grep .swift | while read filename; do\n    swiftlint \"$filename\"\n  done\nelse\n  echo \"SwiftLint does not exist, download from https://github.com/realm/SwiftLint\"\nfi\n";
			showEnvVarsInLog = 0;
		};
		57D01619BD7950DB7CCA43D0 /* [CP] Check Pods Manifest.lock */ = {
			isa = PBXShellScriptBuildPhase;
			buildActionMask = 2147483647;
			files = (
			);
			inputFileListPaths = (
			);
			inputPaths = (
				"${PODS_PODFILE_DIR_PATH}/Podfile.lock",
				"${PODS_ROOT}/Manifest.lock",
			);
			name = "[CP] Check Pods Manifest.lock";
			outputFileListPaths = (
			);
			outputPaths = (
				"$(DERIVED_FILE_DIR)/Pods-Messager-checkManifestLockResult.txt",
			);
			runOnlyForDeploymentPostprocessing = 0;
			shellPath = /bin/sh;
			shellScript = "diff \"${PODS_PODFILE_DIR_PATH}/Podfile.lock\" \"${PODS_ROOT}/Manifest.lock\" > /dev/null\nif [ $? != 0 ] ; then\n    # print error to STDERR\n    echo \"error: The sandbox is not in sync with the Podfile.lock. Run 'pod install' or update your CocoaPods installation.\" >&2\n    exit 1\nfi\n# This output is used by Xcode 'outputs' to avoid re-running this script phase.\necho \"SUCCESS\" > \"${SCRIPT_OUTPUT_FILE_0}\"\n";
			showEnvVarsInLog = 0;
		};
		5CD6B3A26F22D33A54571696 /* [CP] Embed Pods Frameworks */ = {
			isa = PBXShellScriptBuildPhase;
			buildActionMask = 2147483647;
			files = (
			);
			inputFileListPaths = (
				"${PODS_ROOT}/Target Support Files/Pods-Messager/Pods-Messager-frameworks-${CONFIGURATION}-input-files.xcfilelist",
			);
			name = "[CP] Embed Pods Frameworks";
			outputFileListPaths = (
				"${PODS_ROOT}/Target Support Files/Pods-Messager/Pods-Messager-frameworks-${CONFIGURATION}-output-files.xcfilelist",
			);
			runOnlyForDeploymentPostprocessing = 0;
			shellPath = /bin/sh;
			shellScript = "\"${PODS_ROOT}/Target Support Files/Pods-Messager/Pods-Messager-frameworks.sh\"\n";
			showEnvVarsInLog = 0;
		};
/* End PBXShellScriptBuildPhase section */

/* Begin PBXSourcesBuildPhase section */
		094CAD6B2A3B9D3D00E9F9F8 /* Sources */ = {
			isa = PBXSourcesBuildPhase;
			buildActionMask = 2147483647;
			files = (
				09030DD82A405EE700A1D942 /* UIDevice+Utility.swift in Sources */,
				094CAD772A3B9D3D00E9F9F8 /* LoginViewController.swift in Sources */,
				09030DC02A3BC57600A1D942 /* UIColor+Utility.swift in Sources */,
				094CAD732A3B9D3D00E9F9F8 /* AppDelegate.swift in Sources */,
				09030DD62A4055C400A1D942 /* UIFont+Utility.swift in Sources */,
				094CAD752A3B9D3D00E9F9F8 /* SceneDelegate.swift in Sources */,
				09030DBB2A3BC28500A1D942 /* Constants.swift in Sources */,
			);
			runOnlyForDeploymentPostprocessing = 0;
		};
/* End PBXSourcesBuildPhase section */

/* Begin PBXVariantGroup section */
		094CAD782A3B9D3D00E9F9F8 /* Main.storyboard */ = {
			isa = PBXVariantGroup;
			children = (
				094CAD792A3B9D3D00E9F9F8 /* Base */,
			);
			name = Main.storyboard;
			sourceTree = "<group>";
		};
		094CAD7D2A3B9D3E00E9F9F8 /* LaunchScreen.storyboard */ = {
			isa = PBXVariantGroup;
			children = (
				094CAD7E2A3B9D3E00E9F9F8 /* Base */,
			);
			name = LaunchScreen.storyboard;
			sourceTree = "<group>";
		};
/* End PBXVariantGroup section */

/* Begin XCBuildConfiguration section */
		094CAD812A3B9D3E00E9F9F8 /* Debug */ = {
			isa = XCBuildConfiguration;
			buildSettings = {
				ALWAYS_SEARCH_USER_PATHS = NO;
				CLANG_ANALYZER_NONNULL = YES;
				CLANG_ANALYZER_NUMBER_OBJECT_CONVERSION = YES_AGGRESSIVE;
				CLANG_CXX_LANGUAGE_STANDARD = "gnu++20";
				CLANG_ENABLE_MODULES = YES;
				CLANG_ENABLE_OBJC_ARC = YES;
				CLANG_ENABLE_OBJC_WEAK = YES;
				CLANG_WARN_BLOCK_CAPTURE_AUTORELEASING = YES;
				CLANG_WARN_BOOL_CONVERSION = YES;
				CLANG_WARN_COMMA = YES;
				CLANG_WARN_CONSTANT_CONVERSION = YES;
				CLANG_WARN_DEPRECATED_OBJC_IMPLEMENTATIONS = YES;
				CLANG_WARN_DIRECT_OBJC_ISA_USAGE = YES_ERROR;
				CLANG_WARN_DOCUMENTATION_COMMENTS = YES;
				CLANG_WARN_EMPTY_BODY = YES;
				CLANG_WARN_ENUM_CONVERSION = YES;
				CLANG_WARN_INFINITE_RECURSION = YES;
				CLANG_WARN_INT_CONVERSION = YES;
				CLANG_WARN_NON_LITERAL_NULL_CONVERSION = YES;
				CLANG_WARN_OBJC_IMPLICIT_RETAIN_SELF = YES;
				CLANG_WARN_OBJC_LITERAL_CONVERSION = YES;
				CLANG_WARN_OBJC_ROOT_CLASS = YES_ERROR;
				CLANG_WARN_QUOTED_INCLUDE_IN_FRAMEWORK_HEADER = YES;
				CLANG_WARN_RANGE_LOOP_ANALYSIS = YES;
				CLANG_WARN_STRICT_PROTOTYPES = YES;
				CLANG_WARN_SUSPICIOUS_MOVE = YES;
				CLANG_WARN_UNGUARDED_AVAILABILITY = YES_AGGRESSIVE;
				CLANG_WARN_UNREACHABLE_CODE = YES;
				CLANG_WARN__DUPLICATE_METHOD_MATCH = YES;
				COPY_PHASE_STRIP = NO;
				DEBUG_INFORMATION_FORMAT = dwarf;
				ENABLE_STRICT_OBJC_MSGSEND = YES;
				ENABLE_TESTABILITY = YES;
				GCC_C_LANGUAGE_STANDARD = gnu11;
				GCC_DYNAMIC_NO_PIC = NO;
				GCC_NO_COMMON_BLOCKS = YES;
				GCC_OPTIMIZATION_LEVEL = 0;
				GCC_PREPROCESSOR_DEFINITIONS = (
					"DEBUG=1",
					"$(inherited)",
				);
				GCC_WARN_64_TO_32_BIT_CONVERSION = YES;
				GCC_WARN_ABOUT_RETURN_TYPE = YES_ERROR;
				GCC_WARN_UNDECLARED_SELECTOR = YES;
				GCC_WARN_UNINITIALIZED_AUTOS = YES_AGGRESSIVE;
				GCC_WARN_UNUSED_FUNCTION = YES;
				GCC_WARN_UNUSED_VARIABLE = YES;
				IPHONEOS_DEPLOYMENT_TARGET = 16.4;
				MTL_ENABLE_DEBUG_INFO = INCLUDE_SOURCE;
				MTL_FAST_MATH = YES;
				ONLY_ACTIVE_ARCH = YES;
				SDKROOT = iphoneos;
				SWIFT_ACTIVE_COMPILATION_CONDITIONS = DEBUG;
				SWIFT_OPTIMIZATION_LEVEL = "-Onone";
			};
			name = Debug;
		};
		094CAD822A3B9D3E00E9F9F8 /* Release */ = {
			isa = XCBuildConfiguration;
			buildSettings = {
				ALWAYS_SEARCH_USER_PATHS = NO;
				CLANG_ANALYZER_NONNULL = YES;
				CLANG_ANALYZER_NUMBER_OBJECT_CONVERSION = YES_AGGRESSIVE;
				CLANG_CXX_LANGUAGE_STANDARD = "gnu++20";
				CLANG_ENABLE_MODULES = YES;
				CLANG_ENABLE_OBJC_ARC = YES;
				CLANG_ENABLE_OBJC_WEAK = YES;
				CLANG_WARN_BLOCK_CAPTURE_AUTORELEASING = YES;
				CLANG_WARN_BOOL_CONVERSION = YES;
				CLANG_WARN_COMMA = YES;
				CLANG_WARN_CONSTANT_CONVERSION = YES;
				CLANG_WARN_DEPRECATED_OBJC_IMPLEMENTATIONS = YES;
				CLANG_WARN_DIRECT_OBJC_ISA_USAGE = YES_ERROR;
				CLANG_WARN_DOCUMENTATION_COMMENTS = YES;
				CLANG_WARN_EMPTY_BODY = YES;
				CLANG_WARN_ENUM_CONVERSION = YES;
				CLANG_WARN_INFINITE_RECURSION = YES;
				CLANG_WARN_INT_CONVERSION = YES;
				CLANG_WARN_NON_LITERAL_NULL_CONVERSION = YES;
				CLANG_WARN_OBJC_IMPLICIT_RETAIN_SELF = YES;
				CLANG_WARN_OBJC_LITERAL_CONVERSION = YES;
				CLANG_WARN_OBJC_ROOT_CLASS = YES_ERROR;
				CLANG_WARN_QUOTED_INCLUDE_IN_FRAMEWORK_HEADER = YES;
				CLANG_WARN_RANGE_LOOP_ANALYSIS = YES;
				CLANG_WARN_STRICT_PROTOTYPES = YES;
				CLANG_WARN_SUSPICIOUS_MOVE = YES;
				CLANG_WARN_UNGUARDED_AVAILABILITY = YES_AGGRESSIVE;
				CLANG_WARN_UNREACHABLE_CODE = YES;
				CLANG_WARN__DUPLICATE_METHOD_MATCH = YES;
				COPY_PHASE_STRIP = NO;
				DEBUG_INFORMATION_FORMAT = "dwarf-with-dsym";
				ENABLE_NS_ASSERTIONS = NO;
				ENABLE_STRICT_OBJC_MSGSEND = YES;
				GCC_C_LANGUAGE_STANDARD = gnu11;
				GCC_NO_COMMON_BLOCKS = YES;
				GCC_WARN_64_TO_32_BIT_CONVERSION = YES;
				GCC_WARN_ABOUT_RETURN_TYPE = YES_ERROR;
				GCC_WARN_UNDECLARED_SELECTOR = YES;
				GCC_WARN_UNINITIALIZED_AUTOS = YES_AGGRESSIVE;
				GCC_WARN_UNUSED_FUNCTION = YES;
				GCC_WARN_UNUSED_VARIABLE = YES;
				IPHONEOS_DEPLOYMENT_TARGET = 16.4;
				MTL_ENABLE_DEBUG_INFO = NO;
				MTL_FAST_MATH = YES;
				SDKROOT = iphoneos;
				SWIFT_COMPILATION_MODE = wholemodule;
				SWIFT_OPTIMIZATION_LEVEL = "-O";
				VALIDATE_PRODUCT = YES;
			};
			name = Release;
		};
		094CAD842A3B9D3E00E9F9F8 /* Debug */ = {
			isa = XCBuildConfiguration;
			baseConfigurationReference = 75DBA30F768B57C341276C74 /* Pods-Messager.debug.xcconfig */;
			buildSettings = {
				ASSETCATALOG_COMPILER_APPICON_NAME = AppIcon;
				ASSETCATALOG_COMPILER_GLOBAL_ACCENT_COLOR_NAME = AccentColor;
				CODE_SIGN_STYLE = Automatic;
				CURRENT_PROJECT_VERSION = 1;
				DEVELOPMENT_TEAM = 5BVY2SC6J5;
				GENERATE_INFOPLIST_FILE = YES;
				INFOPLIST_FILE = Messager/Info.plist;
				INFOPLIST_KEY_CFBundleDisplayName = Messager;
				INFOPLIST_KEY_UIApplicationSupportsIndirectInputEvents = YES;
				INFOPLIST_KEY_UILaunchStoryboardName = LaunchScreen;
				INFOPLIST_KEY_UIMainStoryboardFile = Main;
				INFOPLIST_KEY_UISupportedInterfaceOrientations_iPad = "UIInterfaceOrientationPortrait UIInterfaceOrientationPortraitUpsideDown UIInterfaceOrientationLandscapeLeft UIInterfaceOrientationLandscapeRight";
				INFOPLIST_KEY_UISupportedInterfaceOrientations_iPhone = "UIInterfaceOrientationPortrait UIInterfaceOrientationLandscapeLeft UIInterfaceOrientationLandscapeRight";
				IPHONEOS_DEPLOYMENT_TARGET = 14.0;
				LD_RUNPATH_SEARCH_PATHS = (
					"$(inherited)",
					"@executable_path/Frameworks",
				);
				MARKETING_VERSION = 1.0;
				PRODUCT_BUNDLE_IDENTIFIER = com.kinkaze.Messager;
				PRODUCT_NAME = "$(TARGET_NAME)";
				SUPPORTED_PLATFORMS = "iphoneos iphonesimulator";
				SUPPORTS_MACCATALYST = NO;
				SUPPORTS_MAC_DESIGNED_FOR_IPHONE_IPAD = NO;
				SWIFT_EMIT_LOC_STRINGS = YES;
				SWIFT_VERSION = 5.0;
				TARGETED_DEVICE_FAMILY = 1;
			};
			name = Debug;
		};
		094CAD852A3B9D3E00E9F9F8 /* Release */ = {
			isa = XCBuildConfiguration;
			baseConfigurationReference = C32B03C584A0FDDE0CB9B786 /* Pods-Messager.release.xcconfig */;
			buildSettings = {
				ASSETCATALOG_COMPILER_APPICON_NAME = AppIcon;
				ASSETCATALOG_COMPILER_GLOBAL_ACCENT_COLOR_NAME = AccentColor;
				CODE_SIGN_STYLE = Automatic;
				CURRENT_PROJECT_VERSION = 1;
				DEVELOPMENT_TEAM = 5BVY2SC6J5;
				GENERATE_INFOPLIST_FILE = YES;
				INFOPLIST_FILE = Messager/Info.plist;
				INFOPLIST_KEY_CFBundleDisplayName = Messager;
				INFOPLIST_KEY_UIApplicationSupportsIndirectInputEvents = YES;
				INFOPLIST_KEY_UILaunchStoryboardName = LaunchScreen;
				INFOPLIST_KEY_UIMainStoryboardFile = Main;
				INFOPLIST_KEY_UISupportedInterfaceOrientations_iPad = "UIInterfaceOrientationPortrait UIInterfaceOrientationPortraitUpsideDown UIInterfaceOrientationLandscapeLeft UIInterfaceOrientationLandscapeRight";
				INFOPLIST_KEY_UISupportedInterfaceOrientations_iPhone = "UIInterfaceOrientationPortrait UIInterfaceOrientationLandscapeLeft UIInterfaceOrientationLandscapeRight";
				IPHONEOS_DEPLOYMENT_TARGET = 14.0;
				LD_RUNPATH_SEARCH_PATHS = (
					"$(inherited)",
					"@executable_path/Frameworks",
				);
				MARKETING_VERSION = 1.0;
				PRODUCT_BUNDLE_IDENTIFIER = com.kinkaze.Messager;
				PRODUCT_NAME = "$(TARGET_NAME)";
				SUPPORTED_PLATFORMS = "iphoneos iphonesimulator";
				SUPPORTS_MACCATALYST = NO;
				SUPPORTS_MAC_DESIGNED_FOR_IPHONE_IPAD = NO;
				SWIFT_EMIT_LOC_STRINGS = YES;
				SWIFT_VERSION = 5.0;
				TARGETED_DEVICE_FAMILY = 1;
			};
			name = Release;
		};
/* End XCBuildConfiguration section */

/* Begin XCConfigurationList section */
		094CAD6A2A3B9D3D00E9F9F8 /* Build configuration list for PBXProject "Messager" */ = {
			isa = XCConfigurationList;
			buildConfigurations = (
				094CAD812A3B9D3E00E9F9F8 /* Debug */,
				094CAD822A3B9D3E00E9F9F8 /* Release */,
			);
			defaultConfigurationIsVisible = 0;
			defaultConfigurationName = Release;
		};
		094CAD832A3B9D3E00E9F9F8 /* Build configuration list for PBXNativeTarget "Messager" */ = {
			isa = XCConfigurationList;
			buildConfigurations = (
				094CAD842A3B9D3E00E9F9F8 /* Debug */,
				094CAD852A3B9D3E00E9F9F8 /* Release */,
			);
			defaultConfigurationIsVisible = 0;
			defaultConfigurationName = Release;
		};
/* End XCConfigurationList section */
	};
	rootObject = 094CAD672A3B9D3D00E9F9F8 /* Project object */;
}
